
Microsoft Visual Studio Solution File, Format Version 11.00
# Visual Studio 2010
Project("{FAE04EC0-301F-11D3-BF4B-00C04F79EFBC}") = "Tower defence_NEW", "Assembly-CSharp.csproj", "{D5206CEE-7230-AC43-E998-C5C9C4565973}"
EndProject
Global
	GlobalSection(SolutionConfigurationPlatforms) = preSolution
		Debug|Any CPU = Debug|Any CPU
		Release|Any CPU = Release|Any CPU
	EndGlobalSection
	GlobalSection(ProjectConfigurationPlatforms) = postSolution
		{D5206CEE-7230-AC43-E998-C5C9C4565973}.Debug|Any CPU.ActiveCfg = Debug|Any CPU
		{D5206CEE-7230-AC43-E998-C5C9C4565973}.Debug|Any CPU.Build.0 = Debug|Any CPU
		{D5206CEE-7230-AC43-E998-C5C9C4565973}.Release|Any CPU.ActiveCfg = Release|Any CPU
		{D5206CEE-7230-AC43-E998-C5C9C4565973}.Release|Any CPU.Build.0 = Release|Any CPU
	EndGlobalSection
	GlobalSection(SolutionProperties) = preSolution
		HideSolutionNode = FALSE
	EndGlobalSection
	GlobalSection(MonoDevelopProperties) = preSolution
		StartupItem = Assembly-CSharp.csproj
	EndGlobalSection
EndGlobal
